{
  "nodes": {
    "dotfiles": {
      "inputs": {
        "agenix": [],
        "clipshare": [],
        "dashp": [],
        "detnix": [],
        "flake-utils": "flake-utils",
        "gh-signing-keys": "gh-signing-keys",
        "home-manager": [],
        "nix-index-database": [],
        "nixCats": [],
        "nixpkgs": [
          "nixpkgs"
        ],
        "nixpkgs-darwin": "nixpkgs-darwin",
        "nixpkgs-unstable": [
          "nixpkgs"
        ],
        "preservation": [],
        "systems": "systems"
      },
      "locked": {
        "lastModified": 1789730857,
        "narHash": "sha256-GW6dygvW88CulcRsJ9Oq94WN0PbhN8C9Qv3x+W38spg=",
        "owner": "aldur",
        "repo": "dotfiles",
        "rev": "8a77ad95cd25e8af275b8b2ad458d3a9e6b633a5",
        "type": "github"
      },
      "original": {
        "owner": "aldur",
        "repo": "dotfiles",
        "type": "github"
      }
    },
    "flake-utils": {
      "inputs": {
        "systems": [
          "dotfiles",
          "systems"
        ]
      },
      "locked": {
        "lastModified": 1731533236,
        "narHash": "sha256-l0KFg5HjrsfsO/JpG+r7fRrqm12kzFHyUHqHCVpMMbI=",
        "owner": "numtide",
        "repo": "flake-utils",
        "rev": "11707dc2f618dd54ca8739b309ec4fc024de578b",
        "type": "github"
      },
      "original": {
        "owner": "numtide",
        "repo": "flake-utils",
        "type": "github"
      }
    },
    "gh-signing-keys": {
      "flake": false,
      "locked": {
        "narHash": "sha256-se65vQP9ypXDnXUAW/prNtPqNyeuHJjUgvuYxxMgGrw=",
        "type": "file",
        "url": "https://api.github.com/users/aldur/ssh_signing_keys"
      },
      "original": {
        "type": "file",
        "url": "https://api.github.com/users/aldur/ssh_signing_keys"
      }
    },
    "nixpkgs": {
      "locked": {
        "lastModified": 1789632929,
        "narHash": "sha256-RjR8AyvGlWuw16XRj7C1YDEw4E27ciuyPeB2nDMzgTU=",
        "owner": "NixOS",
        "repo": "nixpkgs",
        "rev": "a32edd7654519351e48e80372a928df336394670",
        "type": "github"
      },
      "original": {
        "owner": "NixOS",
        "ref": "nixpkgs-unstable",
        "repo": "nixpkgs",
        "type": "github"
      }
    },
    "nixpkgs-darwin": {
      "locked": {
        "lastModified": 1789090104,
        "narHash": "sha256-aYuIOkjWlA2YvXzx9NVgwHtGZqA+J6G7Dt3wbuuGwlg=",
        "owner": "NixOS",
        "repo": "nixpkgs",
        "rev": "b378e416ccd4a9d27aba331c8f51a7c985dea1a0",
        "type": "github"
      },
      "original": {
        "owner": "NixOS",
        "ref": "nixpkgs-26.05-darwin",
        "repo": "nixpkgs",
        "type": "github"
      }
    },
    "root": {
      "inputs": {
        "dotfiles": "dotfiles",
        "nixpkgs": "nixpkgs"
      }
    },
    "systems": {
      "locked": {
        "lastModified": 1681028828,
        "narHash": "sha256-Vy1rq5AaRuLzOxct8nz4T6wlgyUR7zLU309k9mBC768=",
        "owner": "nix-systems",
        "repo": "default",
        "rev": "da67096a3b9bf56a91d16901293e51ba5b49a27e",
        "type": "github"
      },
      "original": {
        "owner": "nix-systems",
        "repo": "default",
        "type": "github"
      }
    }
  },
  "root": "root",
  "version": 7
}
